
Microsoft Visual Studio Solution File, Format Version 12.00
# Visual Studio Version 17
VisualStudioVersion = 17.3.32825.248
MinimumVisualStudioVersion = 10.0.40219.1
Project("{9A19103F-16F7-4668-BE54-9A1E7A4F7556}") = "Pr2Sofa", "Diary WPF\Pr2Sofa.csproj", "{0F1F9831-C5BA-481B-A921-9614F800A38F}"
EndProject
Global
	GlobalSection(SolutionConfigurationPlatforms) = preSolution
		Debug|Any CPU = Debug|Any CPU
		Release|Any CPU = Release|Any CPU
	EndGlobalSection
	GlobalSection(ProjectConfigurationPlatforms) = postSolution
		{0F1F9831-C5BA-481B-A921-9614F800A38F}.Debug|Any CPU.ActiveCfg = Debug|Any CPU
		{0F1F9831-C5BA-481B-A921-9614F800A38F}.Debug|Any CPU.Build.0 = Debug|Any CPU
		{0F1F9831-C5BA-481B-A921-9614F800A38F}.Release|Any CPU.ActiveCfg = Release|Any CPU
		{0F1F9831-C5BA-481B-A921-9614F800A38F}.Release|Any CPU.Build.0 = Release|Any CPU
	EndGlobalSection
	GlobalSection(SolutionProperties) = preSolution
		HideSolutionNode = FALSE
	EndGlobalSection
	GlobalSection(ExtensibilityGlobals) = postSolution
		SolutionGuid = {82287880-97CC-4992-8943-AA13DA539203}
	EndGlobalSection
EndGlobal
